
Microsoft Visual Studio Solution File, Format Version 12.00
# Visual Studio Version 16
VisualStudioVersion = 16.0.31624.102
MinimumVisualStudioVersion = 10.0.40219.1
Project("{FAE04EC0-301F-11D3-BF4B-00C04F79EFBC}") = "Kabanova_4_2", "Kabanova_4_2\Kabanova_4_2.csproj", "{4C358495-1F47-40AA-B6ED-C00384766F97}"
EndProject
Global
	GlobalSection(SolutionConfigurationPlatforms) = preSolution
		Debug|Any CPU = Debug|Any CPU
		Release|Any CPU = Release|Any CPU
	EndGlobalSection
	GlobalSection(ProjectConfigurationPlatforms) = postSolution
		{4C358495-1F47-40AA-B6ED-C00384766F97}.Debug|Any CPU.ActiveCfg = Debug|Any CPU
		{4C358495-1F47-40AA-B6ED-C00384766F97}.Debug|Any CPU.Build.0 = Debug|Any CPU
		{4C358495-1F47-40AA-B6ED-C00384766F97}.Release|Any CPU.ActiveCfg = Release|Any CPU
		{4C358495-1F47-40AA-B6ED-C00384766F97}.Release|Any CPU.Build.0 = Release|Any CPU
	EndGlobalSection
	GlobalSection(SolutionProperties) = preSolution
		HideSolutionNode = FALSE
	EndGlobalSection
	GlobalSection(ExtensibilityGlobals) = postSolution
		SolutionGuid = {BF406701-68E7-49A8-8E50-45E9B5D7CE3D}
	EndGlobalSection
EndGlobal
